// !$*UTF8*$!
{
	archiveVersion = 1;
	classes = {
	};
	objectVersion = 70;
	objects = {

/* Begin PBXBuildFile section */
		9BDB902C2CE6026500AC45E3 /* .gitignore in Resources */ = {isa = PBXBuildFile; fileRef = 9BDB902B2CE6025C00AC45E3 /* .gitignore */; };
		9BDB902D2CE6026500AC45E3 /* .gitignore in Resources */ = {isa = PBXBuildFile; fileRef = 9BDB902B2CE6025C00AC45E3 /* .gitignore */; };
		9BDB902E2CE6026500AC45E3 /* .gitignore in Resources */ = {isa = PBXBuildFile; fileRef = 9BDB902B2CE6025C00AC45E3 /* .gitignore */; };
		9BDBA8242CE1DA420047EA1B /* XCTest.framework in Frameworks */ = {isa = PBXBuildFile; fileRef = 9BDBA8232CE1DA420047EA1B /* XCTest.framework */; platformFilter = ios; };
		9BDBA8252CE1DB140047EA1B /* XCTest.framework in Frameworks */ = {isa = PBXBuildFile; fileRef = 9BDBA8232CE1DA420047EA1B /* XCTest.framework */; platformFilter = ios; };
/* End PBXBuildFile section */

/* Begin PBXContainerItemProxy section */
		9B32F5B12CCADEFB0083FD61 /* PBXContainerItemProxy */ = {
			isa = PBXContainerItemProxy;
			containerPortal = 9B32F5982CCADEF90083FD61 /* Project object */;
			proxyType = 1;
			remoteGlobalIDString = 9B32F59F2CCADEF90083FD61;
			remoteInfo = grokkoli;
		};
		9B32F5BB2CCADEFB0083FD61 /* PBXContainerItemProxy */ = {
			isa = PBXContainerItemProxy;
			containerPortal = 9B32F5982CCADEF90083FD61 /* Project object */;
			proxyType = 1;
			remoteGlobalIDString = 9B32F59F2CCADEF90083FD61;
			remoteInfo = grokkoli;
		};
/* End PBXContainerItemProxy section */

/* Begin PBXFileReference section */
		9B32F5A02CCADEF90083FD61 /* grokkoli.app */ = {isa = PBXFileReference; explicitFileType = wrapper.application; includeInIndex = 0; path = grokkoli.app; sourceTree = BUILT_PRODUCTS_DIR; };
		9B32F5B02CCADEFB0083FD61 /* grokkoliTests.xctest */ = {isa = PBXFileReference; explicitFileType = wrapper.cfbundle; includeInIndex = 0; path = grokkoliTests.xctest; sourceTree = BUILT_PRODUCTS_DIR; };
		9B32F5BA2CCADEFB0083FD61 /* grokkoliUITests.xctest */ = {isa = PBXFileReference; explicitFileType = wrapper.cfbundle; includeInIndex = 0; path = grokkoliUITests.xctest; sourceTree = BUILT_PRODUCTS_DIR; };
		9BDB902B2CE6025C00AC45E3 /* .gitignore */ = {isa = PBXFileReference; lastKnownFileType = text; path = .gitignore; sourceTree = "<group>"; };
		9BDBA8232CE1DA420047EA1B /* XCTest.framework */ = {isa = PBXFileReference; lastKnownFileType = wrapper.framework; name = XCTest.framework; path = Platforms/iPhoneOS.platform/Developer/Library/Frameworks/XCTest.framework; sourceTree = DEVELOPER_DIR; };
		9BFF46D32CD6C52200F7F6B6 /* README.md */ = {isa = PBXFileReference; lastKnownFileType = net.daringfireball.markdown; path = README.md; sourceTree = "<group>"; };
/* End PBXFileReference section */

/* Begin PBXFileSystemSynchronizedBuildFileExceptionSet section */
		9B3BAD6B2CE606C90071D4C2 /* PBXFileSystemSynchronizedBuildFileExceptionSet */ = {
			isa = PBXFileSystemSynchronizedBuildFileExceptionSet;
			membershipExceptions = (
				APITests/CoreTestSetUp/BaseTestAPI.swift,
				APITests/CoreTestSetUp/RequestType.swift,
				APITests/Mocks/MockSession.swift,
				APITests/Requests/RequestTests.swift,
				APITests/Requests/ServiceTests.swift,
				APITests/UtilsAPI/JsonLoader.swift,
				APITests/UtilsAPI/Waits.swift,
				XUITests/POM/BaseTest.swift,
				XUITests/POM/DashboardPage.swift,
				XUITests/POM/LoginPage.swift,
				XUITests/POM/ProfilePage.swift,
				XUITests/Tests/LoginTests.swift,
				XUITests/Tests/ProfileTests.swift,
				XUITests/Utils/AppiumService.swift,
				XUITests/Utils/AppiumStarter.swift,
				XUITests/Utils/DriverManager.swift,
				XUITests/Utils/WaitUtils.swift,
			);
			target = 9B32F59F2CCADEF90083FD61 /* grokkoli */;
		};
		9B3BAD6C2CE606CD0071D4C2 /* PBXFileSystemSynchronizedBuildFileExceptionSet */ = {
			isa = PBXFileSystemSynchronizedBuildFileExceptionSet;
			membershipExceptions = (
				APITests/CoreTestSetUp/BaseTestAPI.swift,
				APITests/CoreTestSetUp/RequestType.swift,
				APITests/Mocks/MockSession.swift,
				APITests/Requests/RequestTests.swift,
				APITests/Requests/ServiceTests.swift,
				APITests/UtilsAPI/JsonLoader.swift,
				APITests/UtilsAPI/Waits.swift,
			);
			target = 9B32F5B92CCADEFB0083FD61 /* grokkoliUITests */;
		};
		9B3BAD6D2CE606F50071D4C2 /* PBXFileSystemSynchronizedBuildFileExceptionSet */ = {
			isa = PBXFileSystemSynchronizedBuildFileExceptionSet;
			membershipExceptions = (
				XUITests/POM/BaseTest.swift,
				XUITests/POM/DashboardPage.swift,
				XUITests/POM/LoginPage.swift,
				XUITests/POM/ProfilePage.swift,
				XUITests/Tests/LoginTests.swift,
				XUITests/Tests/ProfileTests.swift,
				XUITests/Utils/AppiumService.swift,
				XUITests/Utils/AppiumStarter.swift,
				XUITests/Utils/DriverManager.swift,
				XUITests/Utils/WaitUtils.swift,
			);
			target = 9B32F5AF2CCADEFB0083FD61 /* grokkoliTests */;
		};
		9B4BD28F2CE7F96D008A464D /* PBXFileSystemSynchronizedBuildFileExceptionSet */ = {
			isa = PBXFileSystemSynchronizedBuildFileExceptionSet;
			membershipExceptions = (
				APIManager/APIEnums.swift,
				APIManager/APIRequest.swift,
				APIManager/APIService.swift,
				APIManager/Logger.swift,
				APIManager/URLSessionProtocol.swift,
				AppResources/Assets.xcassets,
				"AppResources/Preview Assets.xcassets",
				AppState.swift,
				grokkoliApp.swift,
				Models/GlucoseReading.swift,
				Views/ContentView.swift,
				Views/Dashboard/DashboardView.swift,
				Views/Dashboard/GlucoseEnum.swift,
				Views/History/HistoryView.swift,
				Views/Login/LoginView.swift,
				Views/MainTabView.swift,
				Views/Profile/ProfileDisplayView.swift,
				Views/Profile/ProfileManager.swift,
				Views/Profile/UserProfileView.swift,
			);
			target = 9B32F5AF2CCADEFB0083FD61 /* grokkoliTests */;
		};
		9B4BD2902CE7F96D008A464D /* PBXFileSystemSynchronizedBuildFileExceptionSet */ = {
			isa = PBXFileSystemSynchronizedBuildFileExceptionSet;
			membershipExceptions = (
				APIManager/APIEnums.swift,
				APIManager/APIRequest.swift,
				APIManager/APIService.swift,
				APIManager/Logger.swift,
				APIManager/URLSessionProtocol.swift,
				AppResources/Assets.xcassets,
				"AppResources/Preview Assets.xcassets",
				AppState.swift,
				grokkoliApp.swift,
				Models/GlucoseReading.swift,
				Views/ContentView.swift,
				Views/Dashboard/DashboardView.swift,
				Views/Dashboard/GlucoseEnum.swift,
				Views/History/HistoryView.swift,
				Views/Login/LoginView.swift,
				Views/MainTabView.swift,
				Views/Profile/ProfileDisplayView.swift,
				Views/Profile/ProfileManager.swift,
				Views/Profile/UserProfileView.swift,
			);
			target = 9B32F5B92CCADEFB0083FD61 /* grokkoliUITests */;
		};
/* End PBXFileSystemSynchronizedBuildFileExceptionSet section */

/* Begin PBXFileSystemSynchronizedRootGroup section */
		9B4BD27B2CE7F96D008A464D /* grokkoliCore */ = {isa = PBXFileSystemSynchronizedRootGroup; exceptions = (9B4BD28F2CE7F96D008A464D /* PBXFileSystemSynchronizedBuildFileExceptionSet */, 9B4BD2902CE7F96D008A464D /* PBXFileSystemSynchronizedBuildFileExceptionSet */, ); explicitFileTypes = {}; explicitFolders = (); path = grokkoliCore; sourceTree = "<group>"; };
		9BB04B982CE548DD00B3736F /* Tests */ = {isa = PBXFileSystemSynchronizedRootGroup; exceptions = (9B3BAD6B2CE606C90071D4C2 /* PBXFileSystemSynchronizedBuildFileExceptionSet */, 9B3BAD6D2CE606F50071D4C2 /* PBXFileSystemSynchronizedBuildFileExceptionSet */, 9B3BAD6C2CE606CD0071D4C2 /* PBXFileSystemSynchronizedBuildFileExceptionSet */, ); explicitFileTypes = {}; explicitFolders = (); path = Tests; sourceTree = "<group>"; };
/* End PBXFileSystemSynchronizedRootGroup section */

/* Begin PBXFrameworksBuildPhase section */
		9B32F59D2CCADEF90083FD61 /* Frameworks */ = {
			isa = PBXFrameworksBuildPhase;
			buildActionMask = 2147483647;
			files = (
			);
			runOnlyForDeploymentPostprocessing = 0;
		};
		9B32F5AD2CCADEFB0083FD61 /* Frameworks */ = {
			isa = PBXFrameworksBuildPhase;
			buildActionMask = 2147483647;
			files = (
				9BDBA8242CE1DA420047EA1B /* XCTest.framework in Frameworks */,
			);
			runOnlyForDeploymentPostprocessing = 0;
		};
		9B32F5B72CCADEFB0083FD61 /* Frameworks */ = {
			isa = PBXFrameworksBuildPhase;
			buildActionMask = 2147483647;
			files = (
				9BDBA8252CE1DB140047EA1B /* XCTest.framework in Frameworks */,
			);
			runOnlyForDeploymentPostprocessing = 0;
		};
/* End PBXFrameworksBuildPhase section */

/* Begin PBXGroup section */
		9B32F5972CCADEF90083FD61 = {
			isa = PBXGroup;
			children = (
				9B4BD27B2CE7F96D008A464D /* grokkoliCore */,
				9BDB902B2CE6025C00AC45E3 /* .gitignore */,
				9BB04B982CE548DD00B3736F /* Tests */,
				9BFF46D32CD6C52200F7F6B6 /* README.md */,
				9BDBA8222CE1DA420047EA1B /* Frameworks */,
				9B32F5A12CCADEF90083FD61 /* Products */,
			);
			sourceTree = "<group>";
		};
		9B32F5A12CCADEF90083FD61 /* Products */ = {
			isa = PBXGroup;
			children = (
				9B32F5A02CCADEF90083FD61 /* grokkoli.app */,
				9B32F5B02CCADEFB0083FD61 /* grokkoliTests.xctest */,
				9B32F5BA2CCADEFB0083FD61 /* grokkoliUITests.xctest */,
			);
			name = Products;
			sourceTree = "<group>";
		};
		9BDBA8222CE1DA420047EA1B /* Frameworks */ = {
			isa = PBXGroup;
			children = (
				9BDBA8232CE1DA420047EA1B /* XCTest.framework */,
			);
			name = Frameworks;
			sourceTree = "<group>";
		};
/* End PBXGroup section */

/* Begin PBXNativeTarget section */
		9B32F59F2CCADEF90083FD61 /* grokkoli */ = {
			isa = PBXNativeTarget;
			buildConfigurationList = 9B32F5C42CCADEFB0083FD61 /* Build configuration list for PBXNativeTarget "grokkoli" */;
			buildPhases = (
				9B32F59C2CCADEF90083FD61 /* Sources */,
				9B32F59D2CCADEF90083FD61 /* Frameworks */,
				9B32F59E2CCADEF90083FD61 /* Resources */,
			);
			buildRules = (
			);
			dependencies = (
			);
			fileSystemSynchronizedGroups = (
				9B4BD27B2CE7F96D008A464D /* grokkoliCore */,
				9BB04B982CE548DD00B3736F /* Tests */,
			);
			name = grokkoli;
			productName = grokkoli;
			productReference = 9B32F5A02CCADEF90083FD61 /* grokkoli.app */;
			productType = "com.apple.product-type.application";
		};
		9B32F5AF2CCADEFB0083FD61 /* grokkoliTests */ = {
			isa = PBXNativeTarget;
			buildConfigurationList = 9B32F5C72CCADEFB0083FD61 /* Build configuration list for PBXNativeTarget "grokkoliTests" */;
			buildPhases = (
				9B32F5AC2CCADEFB0083FD61 /* Sources */,
				9B32F5AD2CCADEFB0083FD61 /* Frameworks */,
				9B32F5AE2CCADEFB0083FD61 /* Resources */,
			);
			buildRules = (
			);
			dependencies = (
				9B32F5B22CCADEFB0083FD61 /* PBXTargetDependency */,
			);
			fileSystemSynchronizedGroups = (
				9B4BD27B2CE7F96D008A464D /* grokkoliCore */,
				9BB04B982CE548DD00B3736F /* Tests */,
			);
			name = grokkoliTests;
			productName = grokkoliTests;
			productReference = 9B32F5B02CCADEFB0083FD61 /* grokkoliTests.xctest */;
			productType = "com.apple.product-type.bundle.unit-test";
		};
		9B32F5B92CCADEFB0083FD61 /* grokkoliUITests */ = {
			isa = PBXNativeTarget;
			buildConfigurationList = 9B32F5CA2CCADEFB0083FD61 /* Build configuration list for PBXNativeTarget "grokkoliUITests" */;
			buildPhases = (
				9B32F5B62CCADEFB0083FD61 /* Sources */,
				9B32F5B72CCADEFB0083FD61 /* Frameworks */,
				9B32F5B82CCADEFB0083FD61 /* Resources */,
			);
			buildRules = (
			);
			dependencies = (
				9B32F5BC2CCADEFB0083FD61 /* PBXTargetDependency */,
			);
			fileSystemSynchronizedGroups = (
				9B4BD27B2CE7F96D008A464D /* grokkoliCore */,
				9BB04B982CE548DD00B3736F /* Tests */,
			);
			name = grokkoliUITests;
			productName = grokkoliUITests;
			productReference = 9B32F5BA2CCADEFB0083FD61 /* grokkoliUITests.xctest */;
			productType = "com.apple.product-type.bundle.ui-testing";
		};
/* End PBXNativeTarget section */

/* Begin PBXProject section */
		9B32F5982CCADEF90083FD61 /* Project object */ = {
			isa = PBXProject;
			attributes = {
				BuildIndependentTargetsInParallel = 1;
				LastSwiftUpdateCheck = 1540;
				LastUpgradeCheck = 1540;
				TargetAttributes = {
					9B32F59F2CCADEF90083FD61 = {
						CreatedOnToolsVersion = 15.4;
					};
					9B32F5AF2CCADEFB0083FD61 = {
						CreatedOnToolsVersion = 15.4;
						TestTargetID = 9B32F59F2CCADEF90083FD61;
					};
					9B32F5B92CCADEFB0083FD61 = {
						CreatedOnToolsVersion = 15.4;
						TestTargetID = 9B32F59F2CCADEF90083FD61;
					};
				};
			};
			buildConfigurationList = 9B32F59B2CCADEF90083FD61 /* Build configuration list for PBXProject "grokkoli" */;
			compatibilityVersion = "Xcode 14.0";
			developmentRegion = en;
			hasScannedForEncodings = 0;
			knownRegions = (
				en,
				Base,
			);
			mainGroup = 9B32F5972CCADEF90083FD61;
			packageReferences = (
			);
			productRefGroup = 9B32F5A12CCADEF90083FD61 /* Products */;
			projectDirPath = "";
			projectRoot = "";
			targets = (
				9B32F59F2CCADEF90083FD61 /* grokkoli */,
				9B32F5AF2CCADEFB0083FD61 /* grokkoliTests */,
				9B32F5B92CCADEFB0083FD61 /* grokkoliUITests */,
			);
		};
/* End PBXProject section */

/* Begin PBXResourcesBuildPhase section */
		9B32F59E2CCADEF90083FD61 /* Resources */ = {
			isa = PBXResourcesBuildPhase;
			buildActionMask = 2147483647;
			files = (
				9BDB902E2CE6026500AC45E3 /* .gitignore in Resources */,
			);
			runOnlyForDeploymentPostprocessing = 0;
		};
		9B32F5AE2CCADEFB0083FD61 /* Resources */ = {
			isa = PBXResourcesBuildPhase;
			buildActionMask = 2147483647;
			files = (
				9BDB902D2CE6026500AC45E3 /* .gitignore in Resources */,
			);
			runOnlyForDeploymentPostprocessing = 0;
		};
		9B32F5B82CCADEFB0083FD61 /* Resources */ = {
			isa = PBXResourcesBuildPhase;
			buildActionMask = 2147483647;
			files = (
				9BDB902C2CE6026500AC45E3 /* .gitignore in Resources */,
			);
			runOnlyForDeploymentPostprocessing = 0;
		};
/* End PBXResourcesBuildPhase section */

/* Begin PBXSourcesBuildPhase section */
		9B32F59C2CCADEF90083FD61 /* Sources */ = {
			isa = PBXSourcesBuildPhase;
			buildActionMask = 2147483647;
			files = (
			);
			runOnlyForDeploymentPostprocessing = 0;
		};
		9B32F5AC2CCADEFB0083FD61 /* Sources */ = {
			isa = PBXSourcesBuildPhase;
			buildActionMask = 2147483647;
			files = (
			);
			runOnlyForDeploymentPostprocessing = 0;
		};
		9B32F5B62CCADEFB0083FD61 /* Sources */ = {
			isa = PBXSourcesBuildPhase;
			buildActionMask = 2147483647;
			files = (
			);
			runOnlyForDeploymentPostprocessing = 0;
		};
/* End PBXSourcesBuildPhase section */

/* Begin PBXTargetDependency section */
		9B32F5B22CCADEFB0083FD61 /* PBXTargetDependency */ = {
			isa = PBXTargetDependency;
			target = 9B32F59F2CCADEF90083FD61 /* grokkoli */;
			targetProxy = 9B32F5B12CCADEFB0083FD61 /* PBXContainerItemProxy */;
		};
		9B32F5BC2CCADEFB0083FD61 /* PBXTargetDependency */ = {
			isa = PBXTargetDependency;
			target = 9B32F59F2CCADEF90083FD61 /* grokkoli */;
			targetProxy = 9B32F5BB2CCADEFB0083FD61 /* PBXContainerItemProxy */;
		};
/* End PBXTargetDependency section */

/* Begin XCBuildConfiguration section */
		9B32F5C22CCADEFB0083FD61 /* Debug */ = {
			isa = XCBuildConfiguration;
			buildSettings = {
				ALWAYS_SEARCH_USER_PATHS = NO;
				ASSETCATALOG_COMPILER_GENERATE_SWIFT_ASSET_SYMBOL_EXTENSIONS = YES;
				CLANG_ANALYZER_NONNULL = YES;
				CLANG_ANALYZER_NUMBER_OBJECT_CONVERSION = YES_AGGRESSIVE;
				CLANG_CXX_LANGUAGE_STANDARD = "gnu++20";
				CLANG_ENABLE_MODULES = YES;
				CLANG_ENABLE_OBJC_ARC = YES;
				CLANG_ENABLE_OBJC_WEAK = YES;
				CLANG_WARN_BLOCK_CAPTURE_AUTORELEASING = YES;
				CLANG_WARN_BOOL_CONVERSION = YES;
				CLANG_WARN_COMMA = YES;
				CLANG_WARN_CONSTANT_CONVERSION = YES;
				CLANG_WARN_DEPRECATED_OBJC_IMPLEMENTATIONS = YES;
				CLANG_WARN_DIRECT_OBJC_ISA_USAGE = YES_ERROR;
				CLANG_WARN_DOCUMENTATION_COMMENTS = YES;
				CLANG_WARN_EMPTY_BODY = YES;
				CLANG_WARN_ENUM_CONVERSION = YES;
				CLANG_WARN_INFINITE_RECURSION = YES;
				CLANG_WARN_INT_CONVERSION = YES;
				CLANG_WARN_NON_LITERAL_NULL_CONVERSION = YES;
				CLANG_WARN_OBJC_IMPLICIT_RETAIN_SELF = YES;
				CLANG_WARN_OBJC_LITERAL_CONVERSION = YES;
				CLANG_WARN_OBJC_ROOT_CLASS = YES_ERROR;
				CLANG_WARN_QUOTED_INCLUDE_IN_FRAMEWORK_HEADER = YES;
				CLANG_WARN_RANGE_LOOP_ANALYSIS = YES;
				CLANG_WARN_STRICT_PROTOTYPES = YES;
				CLANG_WARN_SUSPICIOUS_MOVE = YES;
				CLANG_WARN_UNGUARDED_AVAILABILITY = YES_AGGRESSIVE;
				CLANG_WARN_UNREACHABLE_CODE = YES;
				CLANG_WARN__DUPLICATE_METHOD_MATCH = YES;
				COPY_PHASE_STRIP = NO;
				DEBUG_INFORMATION_FORMAT = dwarf;
				ENABLE_STRICT_OBJC_MSGSEND = YES;
				ENABLE_TESTABILITY = YES;
				ENABLE_USER_SCRIPT_SANDBOXING = YES;
				GCC_C_LANGUAGE_STANDARD = gnu17;
				GCC_DYNAMIC_NO_PIC = NO;
				GCC_NO_COMMON_BLOCKS = YES;
				GCC_OPTIMIZATION_LEVEL = 0;
				GCC_PREPROCESSOR_DEFINITIONS = (
					"DEBUG=1",
					"$(inherited)",
				);
				GCC_WARN_64_TO_32_BIT_CONVERSION = YES;
				GCC_WARN_ABOUT_RETURN_TYPE = YES_ERROR;
				GCC_WARN_UNDECLARED_SELECTOR = YES;
				GCC_WARN_UNINITIALIZED_AUTOS = YES_AGGRESSIVE;
				GCC_WARN_UNUSED_FUNCTION = YES;
				GCC_WARN_UNUSED_VARIABLE = YES;
				IPHONEOS_DEPLOYMENT_TARGET = 17.5;
				LOCALIZATION_PREFERS_STRING_CATALOGS = YES;
				MTL_ENABLE_DEBUG_INFO = INCLUDE_SOURCE;
				MTL_FAST_MATH = YES;
				ONLY_ACTIVE_ARCH = YES;
				SDKROOT = iphoneos;
				SWIFT_ACTIVE_COMPILATION_CONDITIONS = "DEBUG $(inherited)";
				SWIFT_OPTIMIZATION_LEVEL = "-Onone";
			};
			name = Debug;
		};
		9B32F5C32CCADEFB0083FD61 /* Release */ = {
			isa = XCBuildConfiguration;
			buildSettings = {
				ALWAYS_SEARCH_USER_PATHS = NO;
				ASSETCATALOG_COMPILER_GENERATE_SWIFT_ASSET_SYMBOL_EXTENSIONS = YES;
				CLANG_ANALYZER_NONNULL = YES;
				CLANG_ANALYZER_NUMBER_OBJECT_CONVERSION = YES_AGGRESSIVE;
				CLANG_CXX_LANGUAGE_STANDARD = "gnu++20";
				CLANG_ENABLE_MODULES = YES;
				CLANG_ENABLE_OBJC_ARC = YES;
				CLANG_ENABLE_OBJC_WEAK = YES;
				CLANG_WARN_BLOCK_CAPTURE_AUTORELEASING = YES;
				CLANG_WARN_BOOL_CONVERSION = YES;
				CLANG_WARN_COMMA = YES;
				CLANG_WARN_CONSTANT_CONVERSION = YES;
				CLANG_WARN_DEPRECATED_OBJC_IMPLEMENTATIONS = YES;
				CLANG_WARN_DIRECT_OBJC_ISA_USAGE = YES_ERROR;
				CLANG_WARN_DOCUMENTATION_COMMENTS = YES;
				CLANG_WARN_EMPTY_BODY = YES;
				CLANG_WARN_ENUM_CONVERSION = YES;
				CLANG_WARN_INFINITE_RECURSION = YES;
				CLANG_WARN_INT_CONVERSION = YES;
				CLANG_WARN_NON_LITERAL_NULL_CONVERSION = YES;
				CLANG_WARN_OBJC_IMPLICIT_RETAIN_SELF = YES;
				CLANG_WARN_OBJC_LITERAL_CONVERSION = YES;
				CLANG_WARN_OBJC_ROOT_CLASS = YES_ERROR;
				CLANG_WARN_QUOTED_INCLUDE_IN_FRAMEWORK_HEADER = YES;
				CLANG_WARN_RANGE_LOOP_ANALYSIS = YES;
				CLANG_WARN_STRICT_PROTOTYPES = YES;
				CLANG_WARN_SUSPICIOUS_MOVE = YES;
				CLANG_WARN_UNGUARDED_AVAILABILITY = YES_AGGRESSIVE;
				CLANG_WARN_UNREACHABLE_CODE = YES;
				CLANG_WARN__DUPLICATE_METHOD_MATCH = YES;
				COPY_PHASE_STRIP = NO;
				DEBUG_INFORMATION_FORMAT = "dwarf-with-dsym";
				ENABLE_NS_ASSERTIONS = NO;
				ENABLE_STRICT_OBJC_MSGSEND = YES;
				ENABLE_USER_SCRIPT_SANDBOXING = YES;
				GCC_C_LANGUAGE_STANDARD = gnu17;
				GCC_NO_COMMON_BLOCKS = YES;
				GCC_WARN_64_TO_32_BIT_CONVERSION = YES;
				GCC_WARN_ABOUT_RETURN_TYPE = YES_ERROR;
				GCC_WARN_UNDECLARED_SELECTOR = YES;
				GCC_WARN_UNINITIALIZED_AUTOS = YES_AGGRESSIVE;
				GCC_WARN_UNUSED_FUNCTION = YES;
				GCC_WARN_UNUSED_VARIABLE = YES;
				IPHONEOS_DEPLOYMENT_TARGET = 17.5;
				LOCALIZATION_PREFERS_STRING_CATALOGS = YES;
				MTL_ENABLE_DEBUG_INFO = NO;
				MTL_FAST_MATH = YES;
				SDKROOT = iphoneos;
				SWIFT_COMPILATION_MODE = wholemodule;
				VALIDATE_PRODUCT = YES;
			};
			name = Release;
		};
		9B32F5C52CCADEFB0083FD61 /* Debug */ = {
			isa = XCBuildConfiguration;
			buildSettings = {
				ASSETCATALOG_COMPILER_APPICON_NAME = AppIcon;
				ASSETCATALOG_COMPILER_GLOBAL_ACCENT_COLOR_NAME = AccentColor;
				CODE_SIGN_STYLE = Automatic;
				CURRENT_PROJECT_VERSION = 1;
				DEVELOPMENT_ASSET_PATHS = grokkoliCore/AppResources/Assets.xcassets;
				ENABLE_PREVIEWS = YES;
				GENERATE_INFOPLIST_FILE = YES;
				INFOPLIST_KEY_UIApplicationSceneManifest_Generation = YES;
				INFOPLIST_KEY_UIApplicationSupportsIndirectInputEvents = YES;
				INFOPLIST_KEY_UILaunchScreen_Generation = YES;
				INFOPLIST_KEY_UIStatusBarStyle = "";
				INFOPLIST_KEY_UISupportedInterfaceOrientations_iPad = "UIInterfaceOrientationPortrait UIInterfaceOrientationPortraitUpsideDown UIInterfaceOrientationLandscapeLeft UIInterfaceOrientationLandscapeRight";
				INFOPLIST_KEY_UISupportedInterfaceOrientations_iPhone = "UIInterfaceOrientationPortrait UIInterfaceOrientationLandscapeLeft UIInterfaceOrientationLandscapeRight";
				LD_RUNPATH_SEARCH_PATHS = (
					"$(inherited)",
					"@executable_path/Frameworks",
				);
				MARKETING_VERSION = 1.0;
				PRODUCT_BUNDLE_IDENTIFIER = test.grokkoli;
				PRODUCT_NAME = "$(TARGET_NAME)";
				SWIFT_EMIT_LOC_STRINGS = YES;
				SWIFT_VERSION = 5.0;
				TARGETED_DEVICE_FAMILY = "1,2";
			};
			name = Debug;
		};
		9B32F5C62CCADEFB0083FD61 /* Release */ = {
			isa = XCBuildConfiguration;
			buildSettings = {
				ASSETCATALOG_COMPILER_APPICON_NAME = AppIcon;
				ASSETCATALOG_COMPILER_GLOBAL_ACCENT_COLOR_NAME = AccentColor;
				CODE_SIGN_STYLE = Automatic;
				CURRENT_PROJECT_VERSION = 1;
				DEVELOPMENT_ASSET_PATHS = grokkoliCore/AppResources/Assets.xcassets;
				ENABLE_PREVIEWS = YES;
				GENERATE_INFOPLIST_FILE = YES;
				INFOPLIST_KEY_UIApplicationSceneManifest_Generation = YES;
				INFOPLIST_KEY_UIApplicationSupportsIndirectInputEvents = YES;
				INFOPLIST_KEY_UILaunchScreen_Generation = YES;
				INFOPLIST_KEY_UIStatusBarStyle = "";
				INFOPLIST_KEY_UISupportedInterfaceOrientations_iPad = "UIInterfaceOrientationPortrait UIInterfaceOrientationPortraitUpsideDown UIInterfaceOrientationLandscapeLeft UIInterfaceOrientationLandscapeRight";
				INFOPLIST_KEY_UISupportedInterfaceOrientations_iPhone = "UIInterfaceOrientationPortrait UIInterfaceOrientationLandscapeLeft UIInterfaceOrientationLandscapeRight";
				LD_RUNPATH_SEARCH_PATHS = (
					"$(inherited)",
					"@executable_path/Frameworks",
				);
				MARKETING_VERSION = 1.0;
				PRODUCT_BUNDLE_IDENTIFIER = test.grokkoli;
				PRODUCT_NAME = "$(TARGET_NAME)";
				SWIFT_EMIT_LOC_STRINGS = YES;
				SWIFT_VERSION = 5.0;
				TARGETED_DEVICE_FAMILY = "1,2";
			};
			name = Release;
		};
		9B32F5C82CCADEFB0083FD61 /* Debug */ = {
			isa = XCBuildConfiguration;
			buildSettings = {
				BUNDLE_LOADER = "$(TEST_HOST)";
				CODE_SIGN_STYLE = Automatic;
				CURRENT_PROJECT_VERSION = 1;
				GENERATE_INFOPLIST_FILE = YES;
				IPHONEOS_DEPLOYMENT_TARGET = 17.5;
				MARKETING_VERSION = 1.0;
				PRODUCT_BUNDLE_IDENTIFIER = test.grokkoliTests;
				PRODUCT_NAME = "$(TARGET_NAME)";
				SWIFT_EMIT_LOC_STRINGS = NO;
				SWIFT_VERSION = 5.0;
				TARGETED_DEVICE_FAMILY = "1,2";
				TEST_HOST = "$(BUILT_PRODUCTS_DIR)/grokkoli.app/$(BUNDLE_EXECUTABLE_FOLDER_PATH)/grokkoli";
			};
			name = Debug;
		};
		9B32F5C92CCADEFB0083FD61 /* Release */ = {
			isa = XCBuildConfiguration;
			buildSettings = {
				BUNDLE_LOADER = "$(TEST_HOST)";
				CODE_SIGN_STYLE = Automatic;
				CURRENT_PROJECT_VERSION = 1;
				GENERATE_INFOPLIST_FILE = YES;
				IPHONEOS_DEPLOYMENT_TARGET = 17.5;
				MARKETING_VERSION = 1.0;
				PRODUCT_BUNDLE_IDENTIFIER = test.grokkoliTests;
				PRODUCT_NAME = "$(TARGET_NAME)";
				SWIFT_EMIT_LOC_STRINGS = NO;
				SWIFT_VERSION = 5.0;
				TARGETED_DEVICE_FAMILY = "1,2";
				TEST_HOST = "$(BUILT_PRODUCTS_DIR)/grokkoli.app/$(BUNDLE_EXECUTABLE_FOLDER_PATH)/grokkoli";
			};
			name = Release;
		};
		9B32F5CB2CCADEFB0083FD61 /* Debug */ = {
			isa = XCBuildConfiguration;
			buildSettings = {
				CODE_SIGN_STYLE = Automatic;
				CURRENT_PROJECT_VERSION = 1;
				GENERATE_INFOPLIST_FILE = YES;
				MARKETING_VERSION = 1.0;
				PRODUCT_BUNDLE_IDENTIFIER = test.grokkoliUITests;
				PRODUCT_NAME = "$(TARGET_NAME)";
				SWIFT_EMIT_LOC_STRINGS = NO;
				SWIFT_VERSION = 5.0;
				TARGETED_DEVICE_FAMILY = "1,2";
				TEST_TARGET_NAME = grokkoli;
			};
			name = Debug;
		};
		9B32F5CC2CCADEFB0083FD61 /* Release */ = {
			isa = XCBuildConfiguration;
			buildSettings = {
				CODE_SIGN_STYLE = Automatic;
				CURRENT_PROJECT_VERSION = 1;
				GENERATE_INFOPLIST_FILE = YES;
				MARKETING_VERSION = 1.0;
				PRODUCT_BUNDLE_IDENTIFIER = test.grokkoliUITests;
				PRODUCT_NAME = "$(TARGET_NAME)";
				SWIFT_EMIT_LOC_STRINGS = NO;
				SWIFT_VERSION = 5.0;
				TARGETED_DEVICE_FAMILY = "1,2";
				TEST_TARGET_NAME = grokkoli;
			};
			name = Release;
		};
/* End XCBuildConfiguration section */

/* Begin XCConfigurationList section */
		9B32F59B2CCADEF90083FD61 /* Build configuration list for PBXProject "grokkoli" */ = {
			isa = XCConfigurationList;
			buildConfigurations = (
				9B32F5C22CCADEFB0083FD61 /* Debug */,
				9B32F5C32CCADEFB0083FD61 /* Release */,
			);
			defaultConfigurationIsVisible = 0;
			defaultConfigurationName = Release;
		};
		9B32F5C42CCADEFB0083FD61 /* Build configuration list for PBXNativeTarget "grokkoli" */ = {
			isa = XCConfigurationList;
			buildConfigurations = (
				9B32F5C52CCADEFB0083FD61 /* Debug */,
				9B32F5C62CCADEFB0083FD61 /* Release */,
			);
			defaultConfigurationIsVisible = 0;
			defaultConfigurationName = Release;
		};
		9B32F5C72CCADEFB0083FD61 /* Build configuration list for PBXNativeTarget "grokkoliTests" */ = {
			isa = XCConfigurationList;
			buildConfigurations = (
				9B32F5C82CCADEFB0083FD61 /* Debug */,
				9B32F5C92CCADEFB0083FD61 /* Release */,
			);
			defaultConfigurationIsVisible = 0;
			defaultConfigurationName = Release;
		};
		9B32F5CA2CCADEFB0083FD61 /* Build configuration list for PBXNativeTarget "grokkoliUITests" */ = {
			isa = XCConfigurationList;
			buildConfigurations = (
				9B32F5CB2CCADEFB0083FD61 /* Debug */,
				9B32F5CC2CCADEFB0083FD61 /* Release */,
			);
			defaultConfigurationIsVisible = 0;
			defaultConfigurationName = Release;
		};
/* End XCConfigurationList section */
	};
	rootObject = 9B32F5982CCADEF90083FD61 /* Project object */;
}
